// !$*UTF8*$!
{
	archiveVersion = 1;
	classes = {
	};
	objectVersion = 50;
	objects = {

/* Begin PBXBuildFile section */
		66004DE42487134A00FF894B /* TeamTableViewCell.swift in Sources */ = {isa = PBXBuildFile; fileRef = 66004DE32487134A00FF894B /* TeamTableViewCell.swift */; };
		7F33912D248F0E22001705FF /* ManagedTeam.swift in Sources */ = {isa = PBXBuildFile; fileRef = 7F33912C248F0E22001705FF /* ManagedTeam.swift */; };
		66004DF2248F4DDF00FF894B /* HistoryTableViewCell.swift in Sources */ = {isa = PBXBuildFile; fileRef = 66004DF1248F4DDF00FF894B /* HistoryTableViewCell.swift */; };
		7F446217247F2F0C000FACF0 /* AppDelegate.swift in Sources */ = {isa = PBXBuildFile; fileRef = 7F446216247F2F0C000FACF0 /* AppDelegate.swift */; };
		7F446219247F2F0C000FACF0 /* SceneDelegate.swift in Sources */ = {isa = PBXBuildFile; fileRef = 7F446218247F2F0C000FACF0 /* SceneDelegate.swift */; };
		7F44621E247F2F0C000FACF0 /* Main.storyboard in Resources */ = {isa = PBXBuildFile; fileRef = 7F44621C247F2F0C000FACF0 /* Main.storyboard */; };
		7F446220247F2F0E000FACF0 /* Assets.xcassets in Resources */ = {isa = PBXBuildFile; fileRef = 7F44621F247F2F0E000FACF0 /* Assets.xcassets */; };
		7F446223247F2F0E000FACF0 /* LaunchScreen.storyboard in Resources */ = {isa = PBXBuildFile; fileRef = 7F446221247F2F0E000FACF0 /* LaunchScreen.storyboard */; };
		7F49DE80248870FF0031F317 /* ManagedPokemon.swift in Sources */ = {isa = PBXBuildFile; fileRef = 7F49DE7F248870FF0031F317 /* ManagedPokemon.swift */; };
		7F8682212489AE6D00B27132 /* Team.swift in Sources */ = {isa = PBXBuildFile; fileRef = 7F8682202489AE6D00B27132 /* Team.swift */; };
		7F98053D24885A66001D8E0E /* Model.xcdatamodeld in Sources */ = {isa = PBXBuildFile; fileRef = 7F98053B24885A66001D8E0E /* Model.xcdatamodeld */; };
		9C93F7642485C52200F53750 /* Request.swift in Sources */ = {isa = PBXBuildFile; fileRef = 9C93F7632485C52200F53750 /* Request.swift */; };
		9C93F7672485C5B200F53750 /* Pokemon.swift in Sources */ = {isa = PBXBuildFile; fileRef = 9C93F7662485C5B200F53750 /* Pokemon.swift */; };
		9C93F76A2485CC8D00F53750 /* URL+Params.swift in Sources */ = {isa = PBXBuildFile; fileRef = 9C93F7692485CC8D00F53750 /* URL+Params.swift */; };
		9C93F76F2485D21600F53750 /* APIRequestTestViewController.swift in Sources */ = {isa = PBXBuildFile; fileRef = 9C93F76E2485D21600F53750 /* APIRequestTestViewController.swift */; };
		9CBAFA7F248ABCAA007273AD /* TeamSelectViewController.swift in Sources */ = {isa = PBXBuildFile; fileRef = 9CBAFA7E248ABCAA007273AD /* TeamSelectViewController.swift */; };
		9CBAFA83248ABCBC007273AD /* TeamDetailViewController.swift in Sources */ = {isa = PBXBuildFile; fileRef = 9CBAFA82248ABCBC007273AD /* TeamDetailViewController.swift */; };
		9CBAFA85248ABCC7007273AD /* HistoryListTableViewController.swift in Sources */ = {isa = PBXBuildFile; fileRef = 9CBAFA84248ABCC7007273AD /* HistoryListTableViewController.swift */; };
		9CBAFA87248ABCD3007273AD /* HistoryDetailViewController.swift in Sources */ = {isa = PBXBuildFile; fileRef = 9CBAFA86248ABCD3007273AD /* HistoryDetailViewController.swift */; };
		9CBAFA89248AC6F7007273AD /* TeamListTableViewController.swift in Sources */ = {isa = PBXBuildFile; fileRef = 9CBAFA88248AC6F7007273AD /* TeamListTableViewController.swift */; };
		9CBAFA8B248AC780007273AD /* Team.swift in Sources */ = {isa = PBXBuildFile; fileRef = 9CBAFA8A248AC780007273AD /* Team.swift */; };
		9CBAFA8E248AC81C007273AD /* History.swift in Sources */ = {isa = PBXBuildFile; fileRef = 9CBAFA8D248AC81C007273AD /* History.swift */; };
/* End PBXBuildFile section */

/* Begin PBXFileReference section */
		66004DE32487134A00FF894B /* TeamTableViewCell.swift */ = {isa = PBXFileReference; lastKnownFileType = sourcecode.swift; path = TeamTableViewCell.swift; sourceTree = "<group>"; };
		7F33912C248F0E22001705FF /* ManagedTeam.swift */ = {isa = PBXFileReference; lastKnownFileType = sourcecode.swift; path = ManagedTeam.swift; sourceTree = "<group>"; };
		66004DF1248F4DDF00FF894B /* HistoryTableViewCell.swift */ = {isa = PBXFileReference; lastKnownFileType = sourcecode.swift; path = HistoryTableViewCell.swift; sourceTree = "<group>"; };
		7F446213247F2F0C000FACF0 /* pokemon-app.app */ = {isa = PBXFileReference; explicitFileType = wrapper.application; includeInIndex = 0; path = "pokemon-app.app"; sourceTree = BUILT_PRODUCTS_DIR; };
		7F446216247F2F0C000FACF0 /* AppDelegate.swift */ = {isa = PBXFileReference; lastKnownFileType = sourcecode.swift; path = AppDelegate.swift; sourceTree = "<group>"; };
		7F446218247F2F0C000FACF0 /* SceneDelegate.swift */ = {isa = PBXFileReference; lastKnownFileType = sourcecode.swift; path = SceneDelegate.swift; sourceTree = "<group>"; };
		7F44621D247F2F0C000FACF0 /* Base */ = {isa = PBXFileReference; lastKnownFileType = file.storyboard; name = Base; path = Base.lproj/Main.storyboard; sourceTree = "<group>"; };
		7F44621F247F2F0E000FACF0 /* Assets.xcassets */ = {isa = PBXFileReference; lastKnownFileType = folder.assetcatalog; path = Assets.xcassets; sourceTree = "<group>"; };
		7F446222247F2F0E000FACF0 /* Base */ = {isa = PBXFileReference; lastKnownFileType = file.storyboard; name = Base; path = Base.lproj/LaunchScreen.storyboard; sourceTree = "<group>"; };
		7F446224247F2F0E000FACF0 /* Info.plist */ = {isa = PBXFileReference; lastKnownFileType = text.plist.xml; path = Info.plist; sourceTree = "<group>"; };
		7F49DE7F248870FF0031F317 /* ManagedPokemon.swift */ = {isa = PBXFileReference; lastKnownFileType = sourcecode.swift; path = ManagedPokemon.swift; sourceTree = "<group>"; };
		7F8682202489AE6D00B27132 /* Team.swift */ = {isa = PBXFileReference; lastKnownFileType = sourcecode.swift; path = Team.swift; sourceTree = "<group>"; };
		7F98053C24885A66001D8E0E /* Model.xcdatamodel */ = {isa = PBXFileReference; lastKnownFileType = wrapper.xcdatamodel; path = Model.xcdatamodel; sourceTree = "<group>"; };
		9C93F7632485C52200F53750 /* Request.swift */ = {isa = PBXFileReference; lastKnownFileType = sourcecode.swift; path = Request.swift; sourceTree = "<group>"; };
		9C93F7662485C5B200F53750 /* Pokemon.swift */ = {isa = PBXFileReference; lastKnownFileType = sourcecode.swift; path = Pokemon.swift; sourceTree = "<group>"; };
		9C93F7692485CC8D00F53750 /* URL+Params.swift */ = {isa = PBXFileReference; lastKnownFileType = sourcecode.swift; path = "URL+Params.swift"; sourceTree = "<group>"; };
		9C93F76E2485D21600F53750 /* APIRequestTestViewController.swift */ = {isa = PBXFileReference; lastKnownFileType = sourcecode.swift; path = APIRequestTestViewController.swift; sourceTree = "<group>"; };
		9CBAFA7E248ABCAA007273AD /* TeamSelectViewController.swift */ = {isa = PBXFileReference; lastKnownFileType = sourcecode.swift; path = TeamSelectViewController.swift; sourceTree = "<group>"; };
		9CBAFA82248ABCBC007273AD /* TeamDetailViewController.swift */ = {isa = PBXFileReference; lastKnownFileType = sourcecode.swift; path = TeamDetailViewController.swift; sourceTree = "<group>"; };
		9CBAFA84248ABCC7007273AD /* HistoryListTableViewController.swift */ = {isa = PBXFileReference; lastKnownFileType = sourcecode.swift; path = HistoryListTableViewController.swift; sourceTree = "<group>"; };
		9CBAFA86248ABCD3007273AD /* HistoryDetailViewController.swift */ = {isa = PBXFileReference; lastKnownFileType = sourcecode.swift; path = HistoryDetailViewController.swift; sourceTree = "<group>"; };
		9CBAFA88248AC6F7007273AD /* TeamListTableViewController.swift */ = {isa = PBXFileReference; lastKnownFileType = sourcecode.swift; path = TeamListTableViewController.swift; sourceTree = "<group>"; };
		9CBAFA8A248AC780007273AD /* Team.swift */ = {isa = PBXFileReference; lastKnownFileType = sourcecode.swift; path = Team.swift; sourceTree = "<group>"; };
		9CBAFA8D248AC81C007273AD /* History.swift */ = {isa = PBXFileReference; lastKnownFileType = sourcecode.swift; path = History.swift; sourceTree = "<group>"; };
/* End PBXFileReference section */

/* Begin PBXFrameworksBuildPhase section */
		7F446210247F2F0C000FACF0 /* Frameworks */ = {
			isa = PBXFrameworksBuildPhase;
			buildActionMask = 2147483647;
			files = (
			);
			runOnlyForDeploymentPostprocessing = 0;
		};
/* End PBXFrameworksBuildPhase section */

/* Begin PBXGroup section */
		7F44620A247F2F0C000FACF0 = {
			isa = PBXGroup;
			children = (
				7F446215247F2F0C000FACF0 /* pokemon-app */,
				7F446214247F2F0C000FACF0 /* Products */,
			);
			sourceTree = "<group>";
		};
		7F446214247F2F0C000FACF0 /* Products */ = {
			isa = PBXGroup;
			children = (
				7F446213247F2F0C000FACF0 /* pokemon-app.app */,
			);
			name = Products;
			sourceTree = "<group>";
		};
		7F446215247F2F0C000FACF0 /* pokemon-app */ = {
			isa = PBXGroup;
			children = (
				9C93F7682485CC7B00F53750 /* Utils */,
				9C93F7622485C4B300F53750 /* Network */,
				9C93F76C2485D0C800F53750 /* Supporting Files */,
				9C93F7652485C59F00F53750 /* Model */,
				9CBAFA7D248ABC33007273AD /* View */,
				9C93F76D2485D0D800F53750 /* Contoller */,
				7F446224247F2F0E000FACF0 /* Info.plist */,
			);
			path = "pokemon-app";
			sourceTree = "<group>";
		};
		9C93F7622485C4B300F53750 /* Network */ = {
			isa = PBXGroup;
			children = (
				9C93F7632485C52200F53750 /* Request.swift */,
			);
			path = Network;
			sourceTree = "<group>";
		};
		9C93F7652485C59F00F53750 /* Model */ = {
			isa = PBXGroup;
			children = (
				7F8682202489AE6D00B27132 /* Team.swift */,
				7F98053B24885A66001D8E0E /* Model.xcdatamodeld */,
				9C93F7662485C5B200F53750 /* Pokemon.swift */,
				7F49DE7F248870FF0031F317 /* ManagedPokemon.swift */,
				7F33912C248F0E22001705FF /* ManagedTeam.swift */,
				9CBAFA8D248AC81C007273AD /* History.swift */,
			);
			path = Model;
			sourceTree = "<group>";
		};
		9C93F7682485CC7B00F53750 /* Utils */ = {
			isa = PBXGroup;
			children = (
				9C93F7692485CC8D00F53750 /* URL+Params.swift */,
			);
			path = Utils;
			sourceTree = "<group>";
		};
		9C93F76C2485D0C800F53750 /* Supporting Files */ = {
			isa = PBXGroup;
			children = (
				7F446216247F2F0C000FACF0 /* AppDelegate.swift */,
				7F446218247F2F0C000FACF0 /* SceneDelegate.swift */,
				7F44621C247F2F0C000FACF0 /* Main.storyboard */,
				7F44621F247F2F0E000FACF0 /* Assets.xcassets */,
				7F446221247F2F0E000FACF0 /* LaunchScreen.storyboard */,
			);
			path = "Supporting Files";
			sourceTree = "<group>";
		};
		9C93F76D2485D0D800F53750 /* Contoller */ = {
			isa = PBXGroup;
			children = (
				9C93F76E2485D21600F53750 /* APIRequestTestViewController.swift */,
				9CBAFA7E248ABCAA007273AD /* TeamSelectViewController.swift */,
				9CBAFA88248AC6F7007273AD /* TeamListTableViewController.swift */,
				9CBAFA82248ABCBC007273AD /* TeamDetailViewController.swift */,
				9CBAFA84248ABCC7007273AD /* HistoryListTableViewController.swift */,
				9CBAFA86248ABCD3007273AD /* HistoryDetailViewController.swift */,
			);
			path = Contoller;
			sourceTree = "<group>";
		};
		9CBAFA7D248ABC33007273AD /* View */ = {
			isa = PBXGroup;
			children = (
				66004DE32487134A00FF894B /* TeamTableViewCell.swift */,
				66004DF1248F4DDF00FF894B /* HistoryTableViewCell.swift */,
			);
			path = View;
			sourceTree = "<group>";
		};
/* End PBXGroup section */

/* Begin PBXNativeTarget section */
		7F446212247F2F0C000FACF0 /* pokemon-app */ = {
			isa = PBXNativeTarget;
			buildConfigurationList = 7F446227247F2F0E000FACF0 /* Build configuration list for PBXNativeTarget "pokemon-app" */;
			buildPhases = (
				7F44620F247F2F0C000FACF0 /* Sources */,
				7F446210247F2F0C000FACF0 /* Frameworks */,
				7F446211247F2F0C000FACF0 /* Resources */,
			);
			buildRules = (
			);
			dependencies = (
			);
			name = "pokemon-app";
			productName = "pokemon-app";
			productReference = 7F446213247F2F0C000FACF0 /* pokemon-app.app */;
			productType = "com.apple.product-type.application";
		};
/* End PBXNativeTarget section */

/* Begin PBXProject section */
		7F44620B247F2F0C000FACF0 /* Project object */ = {
			isa = PBXProject;
			attributes = {
				LastSwiftUpdateCheck = 1130;
				LastUpgradeCheck = 1130;
				ORGANIZATIONNAME = user169300;
				TargetAttributes = {
					7F446212247F2F0C000FACF0 = {
						CreatedOnToolsVersion = 11.3.1;
					};
				};
			};
			buildConfigurationList = 7F44620E247F2F0C000FACF0 /* Build configuration list for PBXProject "pokemon-app" */;
			compatibilityVersion = "Xcode 9.3";
			developmentRegion = en;
			hasScannedForEncodings = 0;
			knownRegions = (
				en,
				Base,
			);
			mainGroup = 7F44620A247F2F0C000FACF0;
			productRefGroup = 7F446214247F2F0C000FACF0 /* Products */;
			projectDirPath = "";
			projectRoot = "";
			targets = (
				7F446212247F2F0C000FACF0 /* pokemon-app */,
			);
		};
/* End PBXProject section */

/* Begin PBXResourcesBuildPhase section */
		7F446211247F2F0C000FACF0 /* Resources */ = {
			isa = PBXResourcesBuildPhase;
			buildActionMask = 2147483647;
			files = (
				7F446223247F2F0E000FACF0 /* LaunchScreen.storyboard in Resources */,
				7F446220247F2F0E000FACF0 /* Assets.xcassets in Resources */,
				7F44621E247F2F0C000FACF0 /* Main.storyboard in Resources */,
			);
			runOnlyForDeploymentPostprocessing = 0;
		};
/* End PBXResourcesBuildPhase section */

/* Begin PBXSourcesBuildPhase section */
		7F44620F247F2F0C000FACF0 /* Sources */ = {
			isa = PBXSourcesBuildPhase;
			buildActionMask = 2147483647;
			files = (
				9C93F7672485C5B200F53750 /* Pokemon.swift in Sources */,
				9C93F7642485C52200F53750 /* Request.swift in Sources */,
				7F98053D24885A66001D8E0E /* Model.xcdatamodeld in Sources */,
				9CBAFA8B248AC780007273AD /* Team.swift in Sources */,
				7F49DE80248870FF0031F317 /* ManagedPokemon.swift in Sources */,
				9CBAFA89248AC6F7007273AD /* TeamListTableViewController.swift in Sources */,
				7F446217247F2F0C000FACF0 /* AppDelegate.swift in Sources */,
				66004DE42487134A00FF894B /* TeamTableViewCell.swift in Sources */,
				7F446219247F2F0C000FACF0 /* SceneDelegate.swift in Sources */,
				7F33912D248F0E22001705FF /* ManagedTeam.swift in Sources */,
				7F8682212489AE6D00B27132 /* Team.swift in Sources */,
				66004DF2248F4DDF00FF894B /* HistoryTableViewCell.swift in Sources */,
				9CBAFA7F248ABCAA007273AD /* TeamSelectViewController.swift in Sources */,
				9CBAFA8E248AC81C007273AD /* History.swift in Sources */,
				9C93F76F2485D21600F53750 /* APIRequestTestViewController.swift in Sources */,
				9CBAFA83248ABCBC007273AD /* TeamDetailViewController.swift in Sources */,
				9CBAFA85248ABCC7007273AD /* HistoryListTableViewController.swift in Sources */,
				9CBAFA87248ABCD3007273AD /* HistoryDetailViewController.swift in Sources */,
				9C93F76A2485CC8D00F53750 /* URL+Params.swift in Sources */,
			);
			runOnlyForDeploymentPostprocessing = 0;
		};
/* End PBXSourcesBuildPhase section */

/* Begin PBXVariantGroup section */
		7F44621C247F2F0C000FACF0 /* Main.storyboard */ = {
			isa = PBXVariantGroup;
			children = (
				7F44621D247F2F0C000FACF0 /* Base */,
			);
			name = Main.storyboard;
			sourceTree = "<group>";
		};
		7F446221247F2F0E000FACF0 /* LaunchScreen.storyboard */ = {
			isa = PBXVariantGroup;
			children = (
				7F446222247F2F0E000FACF0 /* Base */,
			);
			name = LaunchScreen.storyboard;
			sourceTree = "<group>";
		};
/* End PBXVariantGroup section */

/* Begin XCBuildConfiguration section */
		7F446225247F2F0E000FACF0 /* Debug */ = {
			isa = XCBuildConfiguration;
			buildSettings = {
				ALWAYS_SEARCH_USER_PATHS = NO;
				CLANG_ANALYZER_NONNULL = YES;
				CLANG_ANALYZER_NUMBER_OBJECT_CONVERSION = YES_AGGRESSIVE;
				CLANG_CXX_LANGUAGE_STANDARD = "gnu++14";
				CLANG_CXX_LIBRARY = "libc++";
				CLANG_ENABLE_MODULES = YES;
				CLANG_ENABLE_OBJC_ARC = YES;
				CLANG_ENABLE_OBJC_WEAK = YES;
				CLANG_WARN_BLOCK_CAPTURE_AUTORELEASING = YES;
				CLANG_WARN_BOOL_CONVERSION = YES;
				CLANG_WARN_COMMA = YES;
				CLANG_WARN_CONSTANT_CONVERSION = YES;
				CLANG_WARN_DEPRECATED_OBJC_IMPLEMENTATIONS = YES;
				CLANG_WARN_DIRECT_OBJC_ISA_USAGE = YES_ERROR;
				CLANG_WARN_DOCUMENTATION_COMMENTS = YES;
				CLANG_WARN_EMPTY_BODY = YES;
				CLANG_WARN_ENUM_CONVERSION = YES;
				CLANG_WARN_INFINITE_RECURSION = YES;
				CLANG_WARN_INT_CONVERSION = YES;
				CLANG_WARN_NON_LITERAL_NULL_CONVERSION = YES;
				CLANG_WARN_OBJC_IMPLICIT_RETAIN_SELF = YES;
				CLANG_WARN_OBJC_LITERAL_CONVERSION = YES;
				CLANG_WARN_OBJC_ROOT_CLASS = YES_ERROR;
				CLANG_WARN_RANGE_LOOP_ANALYSIS = YES;
				CLANG_WARN_STRICT_PROTOTYPES = YES;
				CLANG_WARN_SUSPICIOUS_MOVE = YES;
				CLANG_WARN_UNGUARDED_AVAILABILITY = YES_AGGRESSIVE;
				CLANG_WARN_UNREACHABLE_CODE = YES;
				CLANG_WARN__DUPLICATE_METHOD_MATCH = YES;
				COPY_PHASE_STRIP = NO;
				DEBUG_INFORMATION_FORMAT = dwarf;
				ENABLE_STRICT_OBJC_MSGSEND = YES;
				ENABLE_TESTABILITY = YES;
				GCC_C_LANGUAGE_STANDARD = gnu11;
				GCC_DYNAMIC_NO_PIC = NO;
				GCC_NO_COMMON_BLOCKS = YES;
				GCC_OPTIMIZATION_LEVEL = 0;
				GCC_PREPROCESSOR_DEFINITIONS = (
					"DEBUG=1",
					"$(inherited)",
				);
				GCC_WARN_64_TO_32_BIT_CONVERSION = YES;
				GCC_WARN_ABOUT_RETURN_TYPE = YES_ERROR;
				GCC_WARN_UNDECLARED_SELECTOR = YES;
				GCC_WARN_UNINITIALIZED_AUTOS = YES_AGGRESSIVE;
				GCC_WARN_UNUSED_FUNCTION = YES;
				GCC_WARN_UNUSED_VARIABLE = YES;
				IPHONEOS_DEPLOYMENT_TARGET = 13.2;
				MTL_ENABLE_DEBUG_INFO = INCLUDE_SOURCE;
				MTL_FAST_MATH = YES;
				ONLY_ACTIVE_ARCH = YES;
				SDKROOT = iphoneos;
				SWIFT_ACTIVE_COMPILATION_CONDITIONS = DEBUG;
				SWIFT_OPTIMIZATION_LEVEL = "-Onone";
			};
			name = Debug;
		};
		7F446226247F2F0E000FACF0 /* Release */ = {
			isa = XCBuildConfiguration;
			buildSettings = {
				ALWAYS_SEARCH_USER_PATHS = NO;
				CLANG_ANALYZER_NONNULL = YES;
				CLANG_ANALYZER_NUMBER_OBJECT_CONVERSION = YES_AGGRESSIVE;
				CLANG_CXX_LANGUAGE_STANDARD = "gnu++14";
				CLANG_CXX_LIBRARY = "libc++";
				CLANG_ENABLE_MODULES = YES;
				CLANG_ENABLE_OBJC_ARC = YES;
				CLANG_ENABLE_OBJC_WEAK = YES;
				CLANG_WARN_BLOCK_CAPTURE_AUTORELEASING = YES;
				CLANG_WARN_BOOL_CONVERSION = YES;
				CLANG_WARN_COMMA = YES;
				CLANG_WARN_CONSTANT_CONVERSION = YES;
				CLANG_WARN_DEPRECATED_OBJC_IMPLEMENTATIONS = YES;
				CLANG_WARN_DIRECT_OBJC_ISA_USAGE = YES_ERROR;
				CLANG_WARN_DOCUMENTATION_COMMENTS = YES;
				CLANG_WARN_EMPTY_BODY = YES;
				CLANG_WARN_ENUM_CONVERSION = YES;
				CLANG_WARN_INFINITE_RECURSION = YES;
				CLANG_WARN_INT_CONVERSION = YES;
				CLANG_WARN_NON_LITERAL_NULL_CONVERSION = YES;
				CLANG_WARN_OBJC_IMPLICIT_RETAIN_SELF = YES;
				CLANG_WARN_OBJC_LITERAL_CONVERSION = YES;
				CLANG_WARN_OBJC_ROOT_CLASS = YES_ERROR;
				CLANG_WARN_RANGE_LOOP_ANALYSIS = YES;
				CLANG_WARN_STRICT_PROTOTYPES = YES;
				CLANG_WARN_SUSPICIOUS_MOVE = YES;
				CLANG_WARN_UNGUARDED_AVAILABILITY = YES_AGGRESSIVE;
				CLANG_WARN_UNREACHABLE_CODE = YES;
				CLANG_WARN__DUPLICATE_METHOD_MATCH = YES;
				COPY_PHASE_STRIP = NO;
				DEBUG_INFORMATION_FORMAT = "dwarf-with-dsym";
				ENABLE_NS_ASSERTIONS = NO;
				ENABLE_STRICT_OBJC_MSGSEND = YES;
				GCC_C_LANGUAGE_STANDARD = gnu11;
				GCC_NO_COMMON_BLOCKS = YES;
				GCC_WARN_64_TO_32_BIT_CONVERSION = YES;
				GCC_WARN_ABOUT_RETURN_TYPE = YES_ERROR;
				GCC_WARN_UNDECLARED_SELECTOR = YES;
				GCC_WARN_UNINITIALIZED_AUTOS = YES_AGGRESSIVE;
				GCC_WARN_UNUSED_FUNCTION = YES;
				GCC_WARN_UNUSED_VARIABLE = YES;
				IPHONEOS_DEPLOYMENT_TARGET = 13.2;
				MTL_ENABLE_DEBUG_INFO = NO;
				MTL_FAST_MATH = YES;
				SDKROOT = iphoneos;
				SWIFT_COMPILATION_MODE = wholemodule;
				SWIFT_OPTIMIZATION_LEVEL = "-O";
				VALIDATE_PRODUCT = YES;
			};
			name = Release;
		};
		7F446228247F2F0E000FACF0 /* Debug */ = {
			isa = XCBuildConfiguration;
			buildSettings = {
				ASSETCATALOG_COMPILER_APPICON_NAME = AppIcon;
				CODE_SIGN_STYLE = Automatic;
				DEVELOPMENT_TEAM = 7J82KJ33N8;
				INFOPLIST_FILE = "pokemon-app/Info.plist";
				LD_RUNPATH_SEARCH_PATHS = (
					"$(inherited)",
					"@executable_path/Frameworks",
				);
				PRODUCT_BUNDLE_IDENTIFIER = "com.example.pokemon-app";
				PRODUCT_NAME = "$(TARGET_NAME)";
				SWIFT_VERSION = 5.0;
				TARGETED_DEVICE_FAMILY = "1,2";
			};
			name = Debug;
		};
		7F446229247F2F0E000FACF0 /* Release */ = {
			isa = XCBuildConfiguration;
			buildSettings = {
				ASSETCATALOG_COMPILER_APPICON_NAME = AppIcon;
				CODE_SIGN_STYLE = Automatic;
				DEVELOPMENT_TEAM = 7J82KJ33N8;
				INFOPLIST_FILE = "pokemon-app/Info.plist";
				LD_RUNPATH_SEARCH_PATHS = (
					"$(inherited)",
					"@executable_path/Frameworks",
				);
				PRODUCT_BUNDLE_IDENTIFIER = "com.example.pokemon-app";
				PRODUCT_NAME = "$(TARGET_NAME)";
				SWIFT_VERSION = 5.0;
				TARGETED_DEVICE_FAMILY = "1,2";
			};
			name = Release;
		};
/* End XCBuildConfiguration section */

/* Begin XCConfigurationList section */
		7F44620E247F2F0C000FACF0 /* Build configuration list for PBXProject "pokemon-app" */ = {
			isa = XCConfigurationList;
			buildConfigurations = (
				7F446225247F2F0E000FACF0 /* Debug */,
				7F446226247F2F0E000FACF0 /* Release */,
			);
			defaultConfigurationIsVisible = 0;
			defaultConfigurationName = Release;
		};
		7F446227247F2F0E000FACF0 /* Build configuration list for PBXNativeTarget "pokemon-app" */ = {
			isa = XCConfigurationList;
			buildConfigurations = (
				7F446228247F2F0E000FACF0 /* Debug */,
				7F446229247F2F0E000FACF0 /* Release */,
			);
			defaultConfigurationIsVisible = 0;
			defaultConfigurationName = Release;
		};
/* End XCConfigurationList section */

/* Begin XCVersionGroup section */
		7F98053B24885A66001D8E0E /* Model.xcdatamodeld */ = {
			isa = XCVersionGroup;
			children = (
				7F98053C24885A66001D8E0E /* Model.xcdatamodel */,
			);
			currentVersion = 7F98053C24885A66001D8E0E /* Model.xcdatamodel */;
			path = Model.xcdatamodeld;
			sourceTree = "<group>";
			versionGroupType = wrapper.xcdatamodel;
		};
/* End XCVersionGroup section */
	};
	rootObject = 7F44620B247F2F0C000FACF0 /* Project object */;
}
